
Microsoft Visual Studio Solution File, Format Version 12.00
# Visual Studio Version 17
VisualStudioVersion = 17.13.35825.156
MinimumVisualStudioVersion = 10.0.40219.1
Project("{FAE04EC0-301F-11D3-BF4B-00C04F79EFBC}") = "ApiGateway.WebApp", "..\Services\ApiGateway\ApiGateway.WebApp\ApiGateway.WebApp.csproj", "{31D2687C-7560-EE62-7FFD-90F2DCA3F89D}"
EndProject
Project("{FAE04EC0-301F-11D3-BF4B-00C04F79EFBC}") = "Catalog.Domain", "..\Services\Catalog\src\Catalog.Domain\Catalog.Domain.csproj", "{5E14136B-CF0F-B56E-DD98-AB5040632D5B}"
EndProject
Project("{FAE04EC0-301F-11D3-BF4B-00C04F79EFBC}") = "Catalog.Application", "..\Services\Catalog\src\Catalog.Application\Catalog.Application.csproj", "{0E597CF9-0934-ED56-EE67-2608FEE3B865}"
EndProject
Project("{FAE04EC0-301F-11D3-BF4B-00C04F79EFBC}") = "Catalog.Infrastructure", "..\Services\Catalog\src\Catalog.Infrastructure\Catalog.Infrastructure.csproj", "{255B1C09-3D63-7A8B-A8EA-12A2C1AE5B50}"
EndProject
Project("{FAE04EC0-301F-11D3-BF4B-00C04F79EFBC}") = "Catalog.WebApi", "..\Services\Catalog\src\Catalog.WebApi\Catalog.WebApi.csproj", "{264F3D2D-6E7D-9FBE-08F8-106BCCEF9979}"
EndProject
Project("{FAE04EC0-301F-11D3-BF4B-00C04F79EFBC}") = "Catalog.WorkerService", "..\Services\Catalog\src\Catalog.WorkerService\Catalog.WorkerService.csproj", "{55FE5524-EABC-1725-3693-874ED772F34C}"
EndProject
Project("{FAE04EC0-301F-11D3-BF4B-00C04F79EFBC}") = "Identity.Application", "..\Services\Identity\Identity.Application\Identity.Application.csproj", "{C2B06AA8-1832-EE47-B380-9CC02202FA00}"
EndProject
Project("{FAE04EC0-301F-11D3-BF4B-00C04F79EFBC}") = "Identity.Infrastructure", "..\Services\Identity\Identity.Infrastructure\Identity.Infrastructure.csproj", "{FA1C1B5F-CACB-82BA-EFFC-B377F7DCDE76}"
EndProject
Project("{FAE04EC0-301F-11D3-BF4B-00C04F79EFBC}") = "Identity.WebApi", "..\Services\Identity\Identity.WebApi\Identity.WebApi.csproj", "{0AE7507A-E5D9-67F3-E4BA-B1BF55C6E171}"
EndProject
Project("{FAE04EC0-301F-11D3-BF4B-00C04F79EFBC}") = "Identity.WorkerService", "..\Services\Identity\Identity.WorkerService\Identity.WorkerService.csproj", "{1A2B8E5D-9EA0-B8FB-2365-D6A43EB07402}"
EndProject
Project("{FAE04EC0-301F-11D3-BF4B-00C04F79EFBC}") = "Inventory.Domain", "..\Services\Inventory\src\Inventory.Domain\Inventory.Domain.csproj", "{1884977F-5EF7-1B57-C689-E3F64D5156CB}"
EndProject
Project("{FAE04EC0-301F-11D3-BF4B-00C04F79EFBC}") = "Inventory.Application", "..\Services\Inventory\src\Inventory.Application\Inventory.Application.csproj", "{3FBE78A7-C331-A320-C837-F8073E136FFF}"
EndProject
Project("{FAE04EC0-301F-11D3-BF4B-00C04F79EFBC}") = "Inventory.Infrastructure", "..\Services\Inventory\src\Inventory.Infrastructure\Inventory.Infrastructure.csproj", "{C1329AF9-8EE7-4401-D8AE-BD3D59CA71F9}"
EndProject
Project("{FAE04EC0-301F-11D3-BF4B-00C04F79EFBC}") = "Inventory.WebApi", "..\Services\Inventory\src\Inventory.WebApi\Inventory.WebApi.csproj", "{AB5CAA35-0985-93DE-19EE-DD3DEEBB8EC1}"
EndProject
Project("{2150E333-8FDC-42A3-9474-1A3956D46DE8}") = "Catalog", "Catalog", "{02EA681E-C7D8-13C7-8484-4AC65E1B71E8}"
EndProject
Project("{2150E333-8FDC-42A3-9474-1A3956D46DE8}") = "Identity", "Identity", "{7E33A889-9E11-486E-AC69-3A4D08D4E378}"
EndProject
Project("{2150E333-8FDC-42A3-9474-1A3956D46DE8}") = "Inventory", "Inventory", "{07DEBDC1-2ADA-4F58-9324-9BD9F0D046C7}"
EndProject
Project("{FAE04EC0-301F-11D3-BF4B-00C04F79EFBC}") = "Inventory.Test", "..\Services\Inventory\src\Inventory.Test\Inventory.Test.csproj", "{C8DEDBFF-830C-842A-B4FE-B456C7167EFC}"
EndProject
Project("{2150E333-8FDC-42A3-9474-1A3956D46DE8}") = "ApiGateway", "ApiGateway", "{23100F4D-1F8C-45CF-BED4-9D966CF07473}"
EndProject
Project("{2150E333-8FDC-42A3-9474-1A3956D46DE8}") = "Services", "Services", "{261E1DEB-26BD-49D7-91A8-D91DD3F3733C}"
EndProject
Project("{2150E333-8FDC-42A3-9474-1A3956D46DE8}") = "SharedKernel", "SharedKernel", "{41446A40-E388-45AB-8155-EAB8C8306680}"
EndProject
Project("{2150E333-8FDC-42A3-9474-1A3956D46DE8}") = "Nur.Store2025.Access", "Nur.Store2025.Access", "{5AE2C179-7B1D-4E0F-A7CB-781BB4B2FC11}"
EndProject
Project("{FAE04EC0-301F-11D3-BF4B-00C04F79EFBC}") = "Nur.Store2025.Access", "..\SharedKernel\Nur.Store2025.Access\src\Nur.Store2025.Access\Nur.Store2025.Access.csproj", "{B50D2EED-4720-D453-C7C7-0FDC03F6E5FD}"
EndProject
Project("{FAE04EC0-301F-11D3-BF4B-00C04F79EFBC}") = "Nur.Store2025.Access.Catalog", "..\SharedKernel\Nur.Store2025.Access\src\Nur.Store2025.Access.Catalog\Nur.Store2025.Access.Catalog.csproj", "{F9E68031-A108-872F-4EE7-194D578034FC}"
EndProject
Project("{FAE04EC0-301F-11D3-BF4B-00C04F79EFBC}") = "Nur.Store2025.Access.Contracts", "..\SharedKernel\Nur.Store2025.Access\src\Nur.Store2025.Access.Contracts\Nur.Store2025.Access.Contracts.csproj", "{A5C12C47-4CE6-763B-5731-0F7FB14A51DB}"
EndProject
Project("{FAE04EC0-301F-11D3-BF4B-00C04F79EFBC}") = "Nur.Store2025.Access.Identity", "..\SharedKernel\Nur.Store2025.Access\src\Nur.Store2025.Access.Identity\Nur.Store2025.Access.Identity.csproj", "{B30D0BEF-6714-B4C1-2CE2-488ED64B1143}"
EndProject
Project("{FAE04EC0-301F-11D3-BF4B-00C04F79EFBC}") = "Nur.Store2025.Access.Inventory", "..\SharedKernel\Nur.Store2025.Access\src\Nur.Store2025.Access.Inventory\Nur.Store2025.Access.Inventory.csproj", "{4F07F141-ED98-1D91-572B-FB0DC95F565B}"
EndProject
Project("{2150E333-8FDC-42A3-9474-1A3956D46DE8}") = "Nur.Store2025.Integration", "Nur.Store2025.Integration", "{462F110F-9989-4982-A8E1-9E12805103F4}"
EndProject
Project("{FAE04EC0-301F-11D3-BF4B-00C04F79EFBC}") = "Nur.Store2025.Integration", "..\SharedKernel\Nur.Store2025.Integration\src\Nur.Store2025.Integration\Nur.Store2025.Integration.csproj", "{BDD61048-7C32-6C48-0178-A06D399D748B}"
EndProject
Project("{2150E333-8FDC-42A3-9474-1A3956D46DE8}") = "Nur.Store2025.Security", "Nur.Store2025.Security", "{4A9C5187-71EC-4C77-96D0-04FB82EEF578}"
EndProject
Project("{FAE04EC0-301F-11D3-BF4B-00C04F79EFBC}") = "Nur.Store2025.Security", "..\SharedKernel\Nur.Store2025.Security\src\Nur.Store2025.Security\Nur.Store2025.Security.csproj", "{10CCD734-8F0A-E195-EF6A-B96D511B74D6}"
EndProject
Global
	GlobalSection(SolutionConfigurationPlatforms) = preSolution
		Debug|Any CPU = Debug|Any CPU
		Release|Any CPU = Release|Any CPU
	EndGlobalSection
	GlobalSection(ProjectConfigurationPlatforms) = postSolution
		{31D2687C-7560-EE62-7FFD-90F2DCA3F89D}.Debug|Any CPU.ActiveCfg = Debug|Any CPU
		{31D2687C-7560-EE62-7FFD-90F2DCA3F89D}.Debug|Any CPU.Build.0 = Debug|Any CPU
		{31D2687C-7560-EE62-7FFD-90F2DCA3F89D}.Release|Any CPU.ActiveCfg = Release|Any CPU
		{31D2687C-7560-EE62-7FFD-90F2DCA3F89D}.Release|Any CPU.Build.0 = Release|Any CPU
		{5E14136B-CF0F-B56E-DD98-AB5040632D5B}.Debug|Any CPU.ActiveCfg = Debug|Any CPU
		{5E14136B-CF0F-B56E-DD98-AB5040632D5B}.Debug|Any CPU.Build.0 = Debug|Any CPU
		{5E14136B-CF0F-B56E-DD98-AB5040632D5B}.Release|Any CPU.ActiveCfg = Release|Any CPU
		{5E14136B-CF0F-B56E-DD98-AB5040632D5B}.Release|Any CPU.Build.0 = Release|Any CPU
		{0E597CF9-0934-ED56-EE67-2608FEE3B865}.Debug|Any CPU.ActiveCfg = Debug|Any CPU
		{0E597CF9-0934-ED56-EE67-2608FEE3B865}.Debug|Any CPU.Build.0 = Debug|Any CPU
		{0E597CF9-0934-ED56-EE67-2608FEE3B865}.Release|Any CPU.ActiveCfg = Release|Any CPU
		{0E597CF9-0934-ED56-EE67-2608FEE3B865}.Release|Any CPU.Build.0 = Release|Any CPU
		{255B1C09-3D63-7A8B-A8EA-12A2C1AE5B50}.Debug|Any CPU.ActiveCfg = Debug|Any CPU
		{255B1C09-3D63-7A8B-A8EA-12A2C1AE5B50}.Debug|Any CPU.Build.0 = Debug|Any CPU
		{255B1C09-3D63-7A8B-A8EA-12A2C1AE5B50}.Release|Any CPU.ActiveCfg = Release|Any CPU
		{255B1C09-3D63-7A8B-A8EA-12A2C1AE5B50}.Release|Any CPU.Build.0 = Release|Any CPU
		{264F3D2D-6E7D-9FBE-08F8-106BCCEF9979}.Debug|Any CPU.ActiveCfg = Debug|Any CPU
		{264F3D2D-6E7D-9FBE-08F8-106BCCEF9979}.Debug|Any CPU.Build.0 = Debug|Any CPU
		{264F3D2D-6E7D-9FBE-08F8-106BCCEF9979}.Release|Any CPU.ActiveCfg = Release|Any CPU
		{264F3D2D-6E7D-9FBE-08F8-106BCCEF9979}.Release|Any CPU.Build.0 = Release|Any CPU
		{55FE5524-EABC-1725-3693-874ED772F34C}.Debug|Any CPU.ActiveCfg = Debug|Any CPU
		{55FE5524-EABC-1725-3693-874ED772F34C}.Debug|Any CPU.Build.0 = Debug|Any CPU
		{55FE5524-EABC-1725-3693-874ED772F34C}.Release|Any CPU.ActiveCfg = Release|Any CPU
		{55FE5524-EABC-1725-3693-874ED772F34C}.Release|Any CPU.Build.0 = Release|Any CPU
		{C2B06AA8-1832-EE47-B380-9CC02202FA00}.Debug|Any CPU.ActiveCfg = Debug|Any CPU
		{C2B06AA8-1832-EE47-B380-9CC02202FA00}.Debug|Any CPU.Build.0 = Debug|Any CPU
		{C2B06AA8-1832-EE47-B380-9CC02202FA00}.Release|Any CPU.ActiveCfg = Release|Any CPU
		{C2B06AA8-1832-EE47-B380-9CC02202FA00}.Release|Any CPU.Build.0 = Release|Any CPU
		{FA1C1B5F-CACB-82BA-EFFC-B377F7DCDE76}.Debug|Any CPU.ActiveCfg = Debug|Any CPU
		{FA1C1B5F-CACB-82BA-EFFC-B377F7DCDE76}.Debug|Any CPU.Build.0 = Debug|Any CPU
		{FA1C1B5F-CACB-82BA-EFFC-B377F7DCDE76}.Release|Any CPU.ActiveCfg = Release|Any CPU
		{FA1C1B5F-CACB-82BA-EFFC-B377F7DCDE76}.Release|Any CPU.Build.0 = Release|Any CPU
		{0AE7507A-E5D9-67F3-E4BA-B1BF55C6E171}.Debug|Any CPU.ActiveCfg = Debug|Any CPU
		{0AE7507A-E5D9-67F3-E4BA-B1BF55C6E171}.Debug|Any CPU.Build.0 = Debug|Any CPU
		{0AE7507A-E5D9-67F3-E4BA-B1BF55C6E171}.Release|Any CPU.ActiveCfg = Release|Any CPU
		{0AE7507A-E5D9-67F3-E4BA-B1BF55C6E171}.Release|Any CPU.Build.0 = Release|Any CPU
		{1A2B8E5D-9EA0-B8FB-2365-D6A43EB07402}.Debug|Any CPU.ActiveCfg = Debug|Any CPU
		{1A2B8E5D-9EA0-B8FB-2365-D6A43EB07402}.Debug|Any CPU.Build.0 = Debug|Any CPU
		{1A2B8E5D-9EA0-B8FB-2365-D6A43EB07402}.Release|Any CPU.ActiveCfg = Release|Any CPU
		{1A2B8E5D-9EA0-B8FB-2365-D6A43EB07402}.Release|Any CPU.Build.0 = Release|Any CPU
		{1884977F-5EF7-1B57-C689-E3F64D5156CB}.Debug|Any CPU.ActiveCfg = Debug|Any CPU
		{1884977F-5EF7-1B57-C689-E3F64D5156CB}.Debug|Any CPU.Build.0 = Debug|Any CPU
		{1884977F-5EF7-1B57-C689-E3F64D5156CB}.Release|Any CPU.ActiveCfg = Release|Any CPU
		{1884977F-5EF7-1B57-C689-E3F64D5156CB}.Release|Any CPU.Build.0 = Release|Any CPU
		{3FBE78A7-C331-A320-C837-F8073E136FFF}.Debug|Any CPU.ActiveCfg = Debug|Any CPU
		{3FBE78A7-C331-A320-C837-F8073E136FFF}.Debug|Any CPU.Build.0 = Debug|Any CPU
		{3FBE78A7-C331-A320-C837-F8073E136FFF}.Release|Any CPU.ActiveCfg = Release|Any CPU
		{3FBE78A7-C331-A320-C837-F8073E136FFF}.Release|Any CPU.Build.0 = Release|Any CPU
		{C1329AF9-8EE7-4401-D8AE-BD3D59CA71F9}.Debug|Any CPU.ActiveCfg = Debug|Any CPU
		{C1329AF9-8EE7-4401-D8AE-BD3D59CA71F9}.Debug|Any CPU.Build.0 = Debug|Any CPU
		{C1329AF9-8EE7-4401-D8AE-BD3D59CA71F9}.Release|Any CPU.ActiveCfg = Release|Any CPU
		{C1329AF9-8EE7-4401-D8AE-BD3D59CA71F9}.Release|Any CPU.Build.0 = Release|Any CPU
		{AB5CAA35-0985-93DE-19EE-DD3DEEBB8EC1}.Debug|Any CPU.ActiveCfg = Debug|Any CPU
		{AB5CAA35-0985-93DE-19EE-DD3DEEBB8EC1}.Debug|Any CPU.Build.0 = Debug|Any CPU
		{AB5CAA35-0985-93DE-19EE-DD3DEEBB8EC1}.Release|Any CPU.ActiveCfg = Release|Any CPU
		{AB5CAA35-0985-93DE-19EE-DD3DEEBB8EC1}.Release|Any CPU.Build.0 = Release|Any CPU
		{C8DEDBFF-830C-842A-B4FE-B456C7167EFC}.Debug|Any CPU.ActiveCfg = Debug|Any CPU
		{C8DEDBFF-830C-842A-B4FE-B456C7167EFC}.Debug|Any CPU.Build.0 = Debug|Any CPU
		{C8DEDBFF-830C-842A-B4FE-B456C7167EFC}.Release|Any CPU.ActiveCfg = Release|Any CPU
		{C8DEDBFF-830C-842A-B4FE-B456C7167EFC}.Release|Any CPU.Build.0 = Release|Any CPU
		{B50D2EED-4720-D453-C7C7-0FDC03F6E5FD}.Debug|Any CPU.ActiveCfg = Debug|Any CPU
		{B50D2EED-4720-D453-C7C7-0FDC03F6E5FD}.Debug|Any CPU.Build.0 = Debug|Any CPU
		{B50D2EED-4720-D453-C7C7-0FDC03F6E5FD}.Release|Any CPU.ActiveCfg = Release|Any CPU
		{B50D2EED-4720-D453-C7C7-0FDC03F6E5FD}.Release|Any CPU.Build.0 = Release|Any CPU
		{F9E68031-A108-872F-4EE7-194D578034FC}.Debug|Any CPU.ActiveCfg = Debug|Any CPU
		{F9E68031-A108-872F-4EE7-194D578034FC}.Debug|Any CPU.Build.0 = Debug|Any CPU
		{F9E68031-A108-872F-4EE7-194D578034FC}.Release|Any CPU.ActiveCfg = Release|Any CPU
		{F9E68031-A108-872F-4EE7-194D578034FC}.Release|Any CPU.Build.0 = Release|Any CPU
		{A5C12C47-4CE6-763B-5731-0F7FB14A51DB}.Debug|Any CPU.ActiveCfg = Debug|Any CPU
		{A5C12C47-4CE6-763B-5731-0F7FB14A51DB}.Debug|Any CPU.Build.0 = Debug|Any CPU
		{A5C12C47-4CE6-763B-5731-0F7FB14A51DB}.Release|Any CPU.ActiveCfg = Release|Any CPU
		{A5C12C47-4CE6-763B-5731-0F7FB14A51DB}.Release|Any CPU.Build.0 = Release|Any CPU
		{B30D0BEF-6714-B4C1-2CE2-488ED64B1143}.Debug|Any CPU.ActiveCfg = Debug|Any CPU
		{B30D0BEF-6714-B4C1-2CE2-488ED64B1143}.Debug|Any CPU.Build.0 = Debug|Any CPU
		{B30D0BEF-6714-B4C1-2CE2-488ED64B1143}.Release|Any CPU.ActiveCfg = Release|Any CPU
		{B30D0BEF-6714-B4C1-2CE2-488ED64B1143}.Release|Any CPU.Build.0 = Release|Any CPU
		{4F07F141-ED98-1D91-572B-FB0DC95F565B}.Debug|Any CPU.ActiveCfg = Debug|Any CPU
		{4F07F141-ED98-1D91-572B-FB0DC95F565B}.Debug|Any CPU.Build.0 = Debug|Any CPU
		{4F07F141-ED98-1D91-572B-FB0DC95F565B}.Release|Any CPU.ActiveCfg = Release|Any CPU
		{4F07F141-ED98-1D91-572B-FB0DC95F565B}.Release|Any CPU.Build.0 = Release|Any CPU
		{BDD61048-7C32-6C48-0178-A06D399D748B}.Debug|Any CPU.ActiveCfg = Debug|Any CPU
		{BDD61048-7C32-6C48-0178-A06D399D748B}.Debug|Any CPU.Build.0 = Debug|Any CPU
		{BDD61048-7C32-6C48-0178-A06D399D748B}.Release|Any CPU.ActiveCfg = Release|Any CPU
		{BDD61048-7C32-6C48-0178-A06D399D748B}.Release|Any CPU.Build.0 = Release|Any CPU
		{10CCD734-8F0A-E195-EF6A-B96D511B74D6}.Debug|Any CPU.ActiveCfg = Debug|Any CPU
		{10CCD734-8F0A-E195-EF6A-B96D511B74D6}.Debug|Any CPU.Build.0 = Debug|Any CPU
		{10CCD734-8F0A-E195-EF6A-B96D511B74D6}.Release|Any CPU.ActiveCfg = Release|Any CPU
		{10CCD734-8F0A-E195-EF6A-B96D511B74D6}.Release|Any CPU.Build.0 = Release|Any CPU
	EndGlobalSection
	GlobalSection(SolutionProperties) = preSolution
		HideSolutionNode = FALSE
	EndGlobalSection
	GlobalSection(NestedProjects) = preSolution
		{31D2687C-7560-EE62-7FFD-90F2DCA3F89D} = {23100F4D-1F8C-45CF-BED4-9D966CF07473}
		{5E14136B-CF0F-B56E-DD98-AB5040632D5B} = {02EA681E-C7D8-13C7-8484-4AC65E1B71E8}
		{0E597CF9-0934-ED56-EE67-2608FEE3B865} = {02EA681E-C7D8-13C7-8484-4AC65E1B71E8}
		{255B1C09-3D63-7A8B-A8EA-12A2C1AE5B50} = {02EA681E-C7D8-13C7-8484-4AC65E1B71E8}
		{264F3D2D-6E7D-9FBE-08F8-106BCCEF9979} = {02EA681E-C7D8-13C7-8484-4AC65E1B71E8}
		{55FE5524-EABC-1725-3693-874ED772F34C} = {02EA681E-C7D8-13C7-8484-4AC65E1B71E8}
		{C2B06AA8-1832-EE47-B380-9CC02202FA00} = {7E33A889-9E11-486E-AC69-3A4D08D4E378}
		{FA1C1B5F-CACB-82BA-EFFC-B377F7DCDE76} = {7E33A889-9E11-486E-AC69-3A4D08D4E378}
		{0AE7507A-E5D9-67F3-E4BA-B1BF55C6E171} = {7E33A889-9E11-486E-AC69-3A4D08D4E378}
		{1A2B8E5D-9EA0-B8FB-2365-D6A43EB07402} = {7E33A889-9E11-486E-AC69-3A4D08D4E378}
		{1884977F-5EF7-1B57-C689-E3F64D5156CB} = {07DEBDC1-2ADA-4F58-9324-9BD9F0D046C7}
		{3FBE78A7-C331-A320-C837-F8073E136FFF} = {07DEBDC1-2ADA-4F58-9324-9BD9F0D046C7}
		{C1329AF9-8EE7-4401-D8AE-BD3D59CA71F9} = {07DEBDC1-2ADA-4F58-9324-9BD9F0D046C7}
		{AB5CAA35-0985-93DE-19EE-DD3DEEBB8EC1} = {07DEBDC1-2ADA-4F58-9324-9BD9F0D046C7}
		{02EA681E-C7D8-13C7-8484-4AC65E1B71E8} = {261E1DEB-26BD-49D7-91A8-D91DD3F3733C}
		{7E33A889-9E11-486E-AC69-3A4D08D4E378} = {261E1DEB-26BD-49D7-91A8-D91DD3F3733C}
		{07DEBDC1-2ADA-4F58-9324-9BD9F0D046C7} = {261E1DEB-26BD-49D7-91A8-D91DD3F3733C}
		{C8DEDBFF-830C-842A-B4FE-B456C7167EFC} = {07DEBDC1-2ADA-4F58-9324-9BD9F0D046C7}
		{23100F4D-1F8C-45CF-BED4-9D966CF07473} = {261E1DEB-26BD-49D7-91A8-D91DD3F3733C}
		{5AE2C179-7B1D-4E0F-A7CB-781BB4B2FC11} = {41446A40-E388-45AB-8155-EAB8C8306680}
		{B50D2EED-4720-D453-C7C7-0FDC03F6E5FD} = {5AE2C179-7B1D-4E0F-A7CB-781BB4B2FC11}
		{F9E68031-A108-872F-4EE7-194D578034FC} = {5AE2C179-7B1D-4E0F-A7CB-781BB4B2FC11}
		{A5C12C47-4CE6-763B-5731-0F7FB14A51DB} = {5AE2C179-7B1D-4E0F-A7CB-781BB4B2FC11}
		{B30D0BEF-6714-B4C1-2CE2-488ED64B1143} = {5AE2C179-7B1D-4E0F-A7CB-781BB4B2FC11}
		{4F07F141-ED98-1D91-572B-FB0DC95F565B} = {5AE2C179-7B1D-4E0F-A7CB-781BB4B2FC11}
		{462F110F-9989-4982-A8E1-9E12805103F4} = {41446A40-E388-45AB-8155-EAB8C8306680}
		{BDD61048-7C32-6C48-0178-A06D399D748B} = {462F110F-9989-4982-A8E1-9E12805103F4}
		{4A9C5187-71EC-4C77-96D0-04FB82EEF578} = {41446A40-E388-45AB-8155-EAB8C8306680}
		{10CCD734-8F0A-E195-EF6A-B96D511B74D6} = {4A9C5187-71EC-4C77-96D0-04FB82EEF578}
	EndGlobalSection
	GlobalSection(ExtensibilityGlobals) = postSolution
		SolutionGuid = {7F2B6B6F-E874-4FC5-9E50-CD247DEA691C}
	EndGlobalSection
EndGlobal
